
Microsoft Visual Studio Solution File, Format Version 12.00
# Visual Studio Version 16
VisualStudioVersion = 16.0.29926.136
MinimumVisualStudioVersion = 10.0.40219.1
Project("{FAE04EC0-301F-11D3-BF4B-00C04F79EFBC}") = "Sitecore.Services.Examples.Warmup", "Sitecore.Services.Examples.Warmup\Sitecore.Services.Examples.Warmup.csproj", "{61042C03-F29B-4215-8A26-09395550B64F}"
EndProject
Project("{CAA73BB0-EF22-4D79-A57E-DF67B3BA9C80}") = "Sitecore.Services.Examples.Warmup.Items", "Sitecore.Services.Examples.Warmup.Items\Sitecore.Services.Examples.Warmup.Items.scproj", "{4F3E373A-AEAA-41D5-A150-13C4FB35FAD1}"
EndProject
Global
	GlobalSection(SolutionConfigurationPlatforms) = preSolution
		Debug|Any CPU = Debug|Any CPU
		Release|Any CPU = Release|Any CPU
	EndGlobalSection
	GlobalSection(ProjectConfigurationPlatforms) = postSolution
		{61042C03-F29B-4215-8A26-09395550B64F}.Debug|Any CPU.ActiveCfg = Debug|Any CPU
		{61042C03-F29B-4215-8A26-09395550B64F}.Debug|Any CPU.Build.0 = Debug|Any CPU
		{61042C03-F29B-4215-8A26-09395550B64F}.Release|Any CPU.ActiveCfg = Release|Any CPU
		{61042C03-F29B-4215-8A26-09395550B64F}.Release|Any CPU.Build.0 = Release|Any CPU
		{4F3E373A-AEAA-41D5-A150-13C4FB35FAD1}.Debug|Any CPU.ActiveCfg = Debug|Any CPU
		{4F3E373A-AEAA-41D5-A150-13C4FB35FAD1}.Debug|Any CPU.Build.0 = Debug|Any CPU
		{4F3E373A-AEAA-41D5-A150-13C4FB35FAD1}.Debug|Any CPU.Deploy.0 = Debug|Any CPU
		{4F3E373A-AEAA-41D5-A150-13C4FB35FAD1}.Release|Any CPU.ActiveCfg = Release|Any CPU
		{4F3E373A-AEAA-41D5-A150-13C4FB35FAD1}.Release|Any CPU.Build.0 = Release|Any CPU
		{4F3E373A-AEAA-41D5-A150-13C4FB35FAD1}.Release|Any CPU.Deploy.0 = Release|Any CPU
	EndGlobalSection
	GlobalSection(SolutionProperties) = preSolution
		HideSolutionNode = FALSE
	EndGlobalSection
	GlobalSection(ExtensibilityGlobals) = postSolution
		SolutionGuid = {D3925E73-5E17-45FA-9361-3A6E6A52FE13}
	EndGlobalSection
EndGlobal
